# This file is automatically @generated by Cargo.
# It is not intended for manual editing.
version = 4

[[package]]
name = "pixelcad-app"
version = "0.1.0"
dependencies = [
 "pixelcad-core",
]

[[package]]
name = "pixelcad-cli"
version = "0.1.0"
dependencies = [
 "pixelcad-core",
]

[[package]]
name = "pixelcad-core"
version = "0.1.0"
